
Microsoft Visual Studio Solution File, Format Version 12.00
# Visual Studio Version 16
VisualStudioVersion = 16.0.29911.84
MinimumVisualStudioVersion = 10.0.40219.1
Project("{9A19103F-16F7-4668-BE54-9A1E7A4F7556}") = "CorrelationTracking", "CorrelationTracking\CorrelationTracking.csproj", "{E38F2832-573A-4DA1-8856-82DCC3F0F6FD}"
EndProject
Project("{9A19103F-16F7-4668-BE54-9A1E7A4F7556}") = "Correlation.Http", "Correlation.Http\Correlation.Http.csproj", "{0F6FA333-AE48-4448-AF0D-5E9DFC3418D2}"
EndProject
Project("{9A19103F-16F7-4668-BE54-9A1E7A4F7556}") = "Tracing.Http", "Tracing.Http\Tracing.Http.csproj", "{5BDA796A-C6BC-4A0D-9746-56703D448B3B}"
EndProject
Project("{9A19103F-16F7-4668-BE54-9A1E7A4F7556}") = "Correlation.MassTransit", "Correlation.MassTransit\Correlation.MassTransit.csproj", "{5D390661-0D88-477C-B145-172CE1BB2D2E}"
EndProject
Project("{2150E333-8FDC-42A3-9474-1A3956D46DE8}") = "SolutionInfo", "SolutionInfo", "{55DD9CC1-A6CE-4AC1-8E21-53AB578BCBDD}"
	ProjectSection(SolutionItems) = preProject
		..\.gitignore = ..\.gitignore
		CommonAssemblyInfo.cs = CommonAssemblyInfo.cs
	EndProjectSection
EndProject
Project("{2150E333-8FDC-42A3-9474-1A3956D46DE8}") = "Tests", "Tests", "{169A40CA-05B5-40E3-A0B8-688BF2350962}"
EndProject
Project("{9A19103F-16F7-4668-BE54-9A1E7A4F7556}") = "Correlation.AmazonSqs", "Correlation.AmazonSqs\Correlation.AmazonSqs.csproj", "{095EA02D-2DA9-4DEC-BE88-EF8BB0F74DC5}"
EndProject
Project("{9A19103F-16F7-4668-BE54-9A1E7A4F7556}") = "Correlation.Core", "Correlation.Core\Correlation.Core.csproj", "{AE749F0C-4D01-418D-8B36-1D2B6556D6A0}"
EndProject
Project("{9A19103F-16F7-4668-BE54-9A1E7A4F7556}") = "Correlation.Serilog", "Correlation.Serilog\Correlation.Serilog.csproj", "{922E7A60-6D70-4282-BCA3-99F5D9293993}"
EndProject
Project("{9A19103F-16F7-4668-BE54-9A1E7A4F7556}") = "Correlation.AmazonSns", "Correlation.AmazonSns\Correlation.AmazonSns.csproj", "{9D56A715-2E1D-4FFB-8A03-6F7E4CE3F84B}"
EndProject
Project("{9A19103F-16F7-4668-BE54-9A1E7A4F7556}") = "Correlation.AmazonSns.Lambda", "Correlation.AmazonSns.Lambda\Correlation.AmazonSns.Lambda.csproj", "{70A33843-218C-4DC4-96D7-D9DCF2126872}"
EndProject
Project("{9A19103F-16F7-4668-BE54-9A1E7A4F7556}") = "Correlation.AmazonSqs.Lambda", "Correlation.AmazonSqs.Lambda\Correlation.AmazonSqs.Lambda.csproj", "{8E61F82B-478E-4C8C-B1A3-30B1E1E662B0}"
EndProject
Project("{9A19103F-16F7-4668-BE54-9A1E7A4F7556}") = "Albelli.Correlation.Http.Client", "Albelli.Correlation.Http.Client\Albelli.Correlation.Http.Client.csproj", "{8205FDDA-B84D-4B4D-A01C-41C1CB8A2212}"
EndProject
Project("{9A19103F-16F7-4668-BE54-9A1E7A4F7556}") = "Albelli.Correlation.Http.Server", "Albelli.Correlation.Http.Server\Albelli.Correlation.Http.Server.csproj", "{2A13D580-1381-4CE0-9C09-EF223B81B24D}"
EndProject
Project("{9A19103F-16F7-4668-BE54-9A1E7A4F7556}") = "Albelli.Correlation.AmazonSqs", "Albelli.Correlation.AmazonSqs\Albelli.Correlation.AmazonSqs.csproj", "{6C9145CA-0E5D-42F1-9315-D26353645B21}"
EndProject
Project("{9A19103F-16F7-4668-BE54-9A1E7A4F7556}") = "Albelli.Correlation.AmazonSns", "Albelli.Correlation.AmazonSns\Albelli.Correlation.AmazonSns.csproj", "{8A0C5EDD-96B2-487C-B293-472F56EA2E23}"
EndProject
Project("{9A19103F-16F7-4668-BE54-9A1E7A4F7556}") = "Albelli.CorrelationTracing.Amazon", "Albelli.CorrelationTracing.Amazon\Albelli.CorrelationTracing.Amazon.csproj", "{D9D96566-BE32-49C7-B103-D5A2B8D6F30A}"
EndProject
Project("{9A19103F-16F7-4668-BE54-9A1E7A4F7556}") = "Core.Tests", "Core.Tests\Core.Tests.csproj", "{30C71331-1155-4F1A-8A5F-82C171F31C67}"
EndProject
Project("{9A19103F-16F7-4668-BE54-9A1E7A4F7556}") = "Correlation.Logging", "Correlation.Logging\Correlation.Logging.csproj", "{0FF7CAEC-5F10-4C1D-93BF-E486E59448A0}"
EndProject
Global
	GlobalSection(SolutionConfigurationPlatforms) = preSolution
		Debug|Any CPU = Debug|Any CPU
		Release|Any CPU = Release|Any CPU
	EndGlobalSection
	GlobalSection(ProjectConfigurationPlatforms) = postSolution
		{E38F2832-573A-4DA1-8856-82DCC3F0F6FD}.Debug|Any CPU.ActiveCfg = Debug|Any CPU
		{E38F2832-573A-4DA1-8856-82DCC3F0F6FD}.Debug|Any CPU.Build.0 = Debug|Any CPU
		{E38F2832-573A-4DA1-8856-82DCC3F0F6FD}.Release|Any CPU.ActiveCfg = Release|Any CPU
		{E38F2832-573A-4DA1-8856-82DCC3F0F6FD}.Release|Any CPU.Build.0 = Release|Any CPU
		{0F6FA333-AE48-4448-AF0D-5E9DFC3418D2}.Debug|Any CPU.ActiveCfg = Debug|Any CPU
		{0F6FA333-AE48-4448-AF0D-5E9DFC3418D2}.Debug|Any CPU.Build.0 = Debug|Any CPU
		{0F6FA333-AE48-4448-AF0D-5E9DFC3418D2}.Release|Any CPU.ActiveCfg = Release|Any CPU
		{0F6FA333-AE48-4448-AF0D-5E9DFC3418D2}.Release|Any CPU.Build.0 = Release|Any CPU
		{5BDA796A-C6BC-4A0D-9746-56703D448B3B}.Debug|Any CPU.ActiveCfg = Debug|Any CPU
		{5BDA796A-C6BC-4A0D-9746-56703D448B3B}.Debug|Any CPU.Build.0 = Debug|Any CPU
		{5BDA796A-C6BC-4A0D-9746-56703D448B3B}.Release|Any CPU.ActiveCfg = Release|Any CPU
		{5BDA796A-C6BC-4A0D-9746-56703D448B3B}.Release|Any CPU.Build.0 = Release|Any CPU
		{5D390661-0D88-477C-B145-172CE1BB2D2E}.Debug|Any CPU.ActiveCfg = Debug|Any CPU
		{5D390661-0D88-477C-B145-172CE1BB2D2E}.Debug|Any CPU.Build.0 = Debug|Any CPU
		{5D390661-0D88-477C-B145-172CE1BB2D2E}.Release|Any CPU.ActiveCfg = Release|Any CPU
		{5D390661-0D88-477C-B145-172CE1BB2D2E}.Release|Any CPU.Build.0 = Release|Any CPU
		{095EA02D-2DA9-4DEC-BE88-EF8BB0F74DC5}.Debug|Any CPU.ActiveCfg = Debug|Any CPU
		{095EA02D-2DA9-4DEC-BE88-EF8BB0F74DC5}.Debug|Any CPU.Build.0 = Debug|Any CPU
		{095EA02D-2DA9-4DEC-BE88-EF8BB0F74DC5}.Release|Any CPU.ActiveCfg = Release|Any CPU
		{095EA02D-2DA9-4DEC-BE88-EF8BB0F74DC5}.Release|Any CPU.Build.0 = Release|Any CPU
		{AE749F0C-4D01-418D-8B36-1D2B6556D6A0}.Debug|Any CPU.ActiveCfg = Debug|Any CPU
		{AE749F0C-4D01-418D-8B36-1D2B6556D6A0}.Debug|Any CPU.Build.0 = Debug|Any CPU
		{AE749F0C-4D01-418D-8B36-1D2B6556D6A0}.Release|Any CPU.ActiveCfg = Release|Any CPU
		{AE749F0C-4D01-418D-8B36-1D2B6556D6A0}.Release|Any CPU.Build.0 = Release|Any CPU
		{922E7A60-6D70-4282-BCA3-99F5D9293993}.Debug|Any CPU.ActiveCfg = Debug|Any CPU
		{922E7A60-6D70-4282-BCA3-99F5D9293993}.Debug|Any CPU.Build.0 = Debug|Any CPU
		{922E7A60-6D70-4282-BCA3-99F5D9293993}.Release|Any CPU.ActiveCfg = Release|Any CPU
		{922E7A60-6D70-4282-BCA3-99F5D9293993}.Release|Any CPU.Build.0 = Release|Any CPU
		{9D56A715-2E1D-4FFB-8A03-6F7E4CE3F84B}.Debug|Any CPU.ActiveCfg = Debug|Any CPU
		{9D56A715-2E1D-4FFB-8A03-6F7E4CE3F84B}.Debug|Any CPU.Build.0 = Debug|Any CPU
		{9D56A715-2E1D-4FFB-8A03-6F7E4CE3F84B}.Release|Any CPU.ActiveCfg = Release|Any CPU
		{9D56A715-2E1D-4FFB-8A03-6F7E4CE3F84B}.Release|Any CPU.Build.0 = Release|Any CPU
		{70A33843-218C-4DC4-96D7-D9DCF2126872}.Debug|Any CPU.ActiveCfg = Debug|Any CPU
		{70A33843-218C-4DC4-96D7-D9DCF2126872}.Debug|Any CPU.Build.0 = Debug|Any CPU
		{70A33843-218C-4DC4-96D7-D9DCF2126872}.Release|Any CPU.ActiveCfg = Release|Any CPU
		{70A33843-218C-4DC4-96D7-D9DCF2126872}.Release|Any CPU.Build.0 = Release|Any CPU
		{8E61F82B-478E-4C8C-B1A3-30B1E1E662B0}.Debug|Any CPU.ActiveCfg = Debug|Any CPU
		{8E61F82B-478E-4C8C-B1A3-30B1E1E662B0}.Debug|Any CPU.Build.0 = Debug|Any CPU
		{8E61F82B-478E-4C8C-B1A3-30B1E1E662B0}.Release|Any CPU.ActiveCfg = Release|Any CPU
		{8E61F82B-478E-4C8C-B1A3-30B1E1E662B0}.Release|Any CPU.Build.0 = Release|Any CPU
		{8205FDDA-B84D-4B4D-A01C-41C1CB8A2212}.Debug|Any CPU.ActiveCfg = Debug|Any CPU
		{8205FDDA-B84D-4B4D-A01C-41C1CB8A2212}.Debug|Any CPU.Build.0 = Debug|Any CPU
		{8205FDDA-B84D-4B4D-A01C-41C1CB8A2212}.Release|Any CPU.ActiveCfg = Release|Any CPU
		{8205FDDA-B84D-4B4D-A01C-41C1CB8A2212}.Release|Any CPU.Build.0 = Release|Any CPU
		{2A13D580-1381-4CE0-9C09-EF223B81B24D}.Debug|Any CPU.ActiveCfg = Debug|Any CPU
		{2A13D580-1381-4CE0-9C09-EF223B81B24D}.Debug|Any CPU.Build.0 = Debug|Any CPU
		{2A13D580-1381-4CE0-9C09-EF223B81B24D}.Release|Any CPU.ActiveCfg = Release|Any CPU
		{2A13D580-1381-4CE0-9C09-EF223B81B24D}.Release|Any CPU.Build.0 = Release|Any CPU
		{6C9145CA-0E5D-42F1-9315-D26353645B21}.Debug|Any CPU.ActiveCfg = Debug|Any CPU
		{6C9145CA-0E5D-42F1-9315-D26353645B21}.Debug|Any CPU.Build.0 = Debug|Any CPU
		{6C9145CA-0E5D-42F1-9315-D26353645B21}.Release|Any CPU.ActiveCfg = Release|Any CPU
		{6C9145CA-0E5D-42F1-9315-D26353645B21}.Release|Any CPU.Build.0 = Release|Any CPU
		{8A0C5EDD-96B2-487C-B293-472F56EA2E23}.Debug|Any CPU.ActiveCfg = Debug|Any CPU
		{8A0C5EDD-96B2-487C-B293-472F56EA2E23}.Debug|Any CPU.Build.0 = Debug|Any CPU
		{8A0C5EDD-96B2-487C-B293-472F56EA2E23}.Release|Any CPU.ActiveCfg = Release|Any CPU
		{8A0C5EDD-96B2-487C-B293-472F56EA2E23}.Release|Any CPU.Build.0 = Release|Any CPU
		{D9D96566-BE32-49C7-B103-D5A2B8D6F30A}.Debug|Any CPU.ActiveCfg = Debug|Any CPU
		{D9D96566-BE32-49C7-B103-D5A2B8D6F30A}.Debug|Any CPU.Build.0 = Debug|Any CPU
		{D9D96566-BE32-49C7-B103-D5A2B8D6F30A}.Release|Any CPU.ActiveCfg = Release|Any CPU
		{D9D96566-BE32-49C7-B103-D5A2B8D6F30A}.Release|Any CPU.Build.0 = Release|Any CPU
		{30C71331-1155-4F1A-8A5F-82C171F31C67}.Debug|Any CPU.ActiveCfg = Debug|Any CPU
		{30C71331-1155-4F1A-8A5F-82C171F31C67}.Debug|Any CPU.Build.0 = Debug|Any CPU
		{30C71331-1155-4F1A-8A5F-82C171F31C67}.Release|Any CPU.ActiveCfg = Release|Any CPU
		{30C71331-1155-4F1A-8A5F-82C171F31C67}.Release|Any CPU.Build.0 = Release|Any CPU
		{0FF7CAEC-5F10-4C1D-93BF-E486E59448A0}.Debug|Any CPU.ActiveCfg = Debug|Any CPU
		{0FF7CAEC-5F10-4C1D-93BF-E486E59448A0}.Debug|Any CPU.Build.0 = Debug|Any CPU
		{0FF7CAEC-5F10-4C1D-93BF-E486E59448A0}.Release|Any CPU.ActiveCfg = Release|Any CPU
		{0FF7CAEC-5F10-4C1D-93BF-E486E59448A0}.Release|Any CPU.Build.0 = Release|Any CPU
	EndGlobalSection
	GlobalSection(SolutionProperties) = preSolution
		HideSolutionNode = FALSE
	EndGlobalSection
	GlobalSection(NestedProjects) = preSolution
		{30C71331-1155-4F1A-8A5F-82C171F31C67} = {169A40CA-05B5-40E3-A0B8-688BF2350962}
	EndGlobalSection
	GlobalSection(ExtensibilityGlobals) = postSolution
		SolutionGuid = {E258C3C5-078A-47FC-8B6C-3206D02C86C9}
	EndGlobalSection
EndGlobal
